{
  "version": 4,
  "terraform_version": "0.12.28",
  "serial": 145,
  "lineage": "f51eab2b-d231-a92a-ce74-5e354d62b4ee",
  "outputs": {
    "base_url": {
      "value": "https://a27f44yy9i.execute-api.us-east-1.amazonaws.com/prod",
      "type": "string"
    },
    "instance_ip": {
      "value": "54.210.127.52",
      "type": "string"
    }
  },
  "resources": [
    {
      "mode": "managed",
      "type": "aws_api_gateway_deployment",
      "name": "illiniboard",
      "provider": "provider.aws",
      "instances": [
        {
          "schema_version": 0,
          "attributes": {
            "created_date": "2020-07-09T06:17:26Z",
            "description": "",
            "execution_arn": "arn:aws:execute-api:us-east-1:371783175896:a27f44yy9i/prod",
            "id": "vdrd1z",
            "invoke_url": "https://a27f44yy9i.execute-api.us-east-1.amazonaws.com/prod",
            "rest_api_id": "a27f44yy9i",
            "stage_description": "0.0.18",
            "stage_name": "prod",
            "triggers": null,
            "variables": null
          },
          "private": "bnVsbA==",
          "dependencies": [
            "aws_api_gateway_integration.lambda",
            "aws_api_gateway_integration.lambda_root",
            "aws_api_gateway_rest_api.illiniboard"
          ]
        }
      ]
    },
    {
      "mode": "managed",
      "type": "aws_api_gateway_integration",
      "name": "lambda",
      "provider": "provider.aws",
      "instances": [
        {
          "schema_version": 0,
          "attributes": {
            "cache_key_parameters": [],
            "cache_namespace": "jdhag2",
            "connection_id": "",
            "connection_type": "INTERNET",
            "content_handling": "",
            "credentials": "",
            "http_method": "ANY",
            "id": "agi-a27f44yy9i-jdhag2-ANY",
            "integration_http_method": "POST",
            "passthrough_behavior": "WHEN_NO_MATCH",
            "request_parameters": {},
            "request_parameters_in_json": null,
            "request_templates": {},
            "resource_id": "jdhag2",
            "rest_api_id": "a27f44yy9i",
            "timeout_milliseconds": 29000,
            "type": "AWS_PROXY",
            "uri": "arn:aws:apigateway:us-east-1:lambda:path/2015-03-31/functions/arn:aws:lambda:us-east-1:371783175896:function:RegisterNewExtension/invocations"
          },
          "private": "bnVsbA==",
          "dependencies": [
            "aws_api_gateway_method.proxy",
            "aws_api_gateway_rest_api.illiniboard",
            "aws_iam_role.lambda_exec",
            "aws_iam_role_policy_attachment.lambda_logs",
            "aws_lambda_function.registerNewExtension"
          ]
        }
      ]
    },
    {
      "mode": "managed",
      "type": "aws_api_gateway_integration",
      "name": "lambda_root",
      "provider": "provider.aws",
      "instances": [
        {
          "schema_version": 0,
          "attributes": {
            "cache_key_parameters": [],
            "cache_namespace": "p01m7s8isl",
            "connection_id": "",
            "connection_type": "INTERNET",
            "content_handling": "",
            "credentials": "",
            "http_method": "ANY",
            "id": "agi-a27f44yy9i-p01m7s8isl-ANY",
            "integration_http_method": "POST",
            "passthrough_behavior": "WHEN_NO_MATCH",
            "request_parameters": {},
            "request_parameters_in_json": null,
            "request_templates": {},
            "resource_id": "p01m7s8isl",
            "rest_api_id": "a27f44yy9i",
            "timeout_milliseconds": 29000,
            "type": "AWS_PROXY",
            "uri": "arn:aws:apigateway:us-east-1:lambda:path/2015-03-31/functions/arn:aws:lambda:us-east-1:371783175896:function:RegisterNewExtension/invocations"
          },
          "private": "bnVsbA==",
          "dependencies": [
            "aws_api_gateway_method.proxy_root",
            "aws_api_gateway_rest_api.illiniboard",
            "aws_iam_role.lambda_exec",
            "aws_iam_role_policy_attachment.lambda_logs",
            "aws_lambda_function.registerNewExtension"
          ]
        }
      ]
    },
    {
      "mode": "managed",
      "type": "aws_api_gateway_method",
      "name": "proxy",
      "provider": "provider.aws",
      "instances": [
        {
          "schema_version": 0,
          "attributes": {
            "api_key_required": false,
            "authorization": "NONE",
            "authorization_scopes": [],
            "authorizer_id": "",
            "http_method": "ANY",
            "id": "agm-a27f44yy9i-jdhag2-ANY",
            "request_models": {},
            "request_parameters": {},
            "request_parameters_in_json": null,
            "request_validator_id": "",
            "resource_id": "jdhag2",
            "rest_api_id": "a27f44yy9i"
          },
          "private": "bnVsbA==",
          "dependencies": [
            "aws_api_gateway_resource.proxy",
            "aws_api_gateway_rest_api.illiniboard"
          ]
        }
      ]
    },
    {
      "mode": "managed",
      "type": "aws_api_gateway_method",
      "name": "proxy_root",
      "provider": "provider.aws",
      "instances": [
        {
          "schema_version": 0,
          "attributes": {
            "api_key_required": false,
            "authorization": "NONE",
            "authorization_scopes": [],
            "authorizer_id": "",
            "http_method": "ANY",
            "id": "agm-a27f44yy9i-p01m7s8isl-ANY",
            "request_models": {},
            "request_parameters": {},
            "request_parameters_in_json": null,
            "request_validator_id": "",
            "resource_id": "p01m7s8isl",
            "rest_api_id": "a27f44yy9i"
          },
          "private": "bnVsbA==",
          "dependencies": [
            "aws_api_gateway_rest_api.illiniboard"
          ]
        }
      ]
    },
    {
      "mode": "managed",
      "type": "aws_api_gateway_resource",
      "name": "proxy",
      "provider": "provider.aws",
      "instances": [
        {
          "schema_version": 0,
          "attributes": {
            "id": "jdhag2",
            "parent_id": "p01m7s8isl",
            "path": "/{proxy+}",
            "path_part": "{proxy+}",
            "rest_api_id": "a27f44yy9i"
          },
          "private": "bnVsbA==",
          "dependencies": [
            "aws_api_gateway_rest_api.illiniboard"
          ]
        }
      ]
    },
    {
      "mode": "managed",
      "type": "aws_api_gateway_rest_api",
      "name": "illiniboard",
      "provider": "provider.aws",
      "instances": [
        {
          "schema_version": 0,
          "attributes": {
            "api_key_source": "HEADER",
            "arn": "arn:aws:apigateway:us-east-1::/restapis/a27f44yy9i",
            "binary_media_types": [],
            "body": null,
            "created_date": "2020-07-05T17:01:48Z",
            "description": "Illiniboard extension API",
            "endpoint_configuration": [
              {
                "types": [
                  "EDGE"
                ],
                "vpc_endpoint_ids": []
              }
            ],
            "execution_arn": "arn:aws:execute-api:us-east-1:371783175896:a27f44yy9i",
            "id": "a27f44yy9i",
            "minimum_compression_size": -1,
            "name": "IlliniboardExtensions",
            "policy": "",
            "root_resource_id": "p01m7s8isl",
            "tags": {}
          },
          "private": "bnVsbA=="
        }
      ]
    },
    {
      "mode": "managed",
      "type": "aws_cloudwatch_event_rule",
      "name": "five_minutes",
      "provider": "provider.aws",
      "instances": [
        {
          "schema_version": 0,
          "attributes": {
            "arn": "arn:aws:events:us-east-1:371783175896:rule/ten-minutes",
            "description": "fires every ten minutes",
            "event_pattern": null,
            "id": "ten-minutes",
            "is_enabled": true,
            "name": "ten-minutes",
            "name_prefix": null,
            "role_arn": "",
            "schedule_expression": "rate(10 minutes)",
            "tags": {}
          },
          "private": "bnVsbA=="
        }
      ]
    },
    {
      "mode": "managed",
      "type": "aws_cloudwatch_event_target",
      "name": "rssPoll_every_five_minutes",
      "provider": "provider.aws",
      "instances": [
        {
          "schema_version": 0,
          "attributes": {
            "arn": "arn:aws:lambda:us-east-1:371783175896:function:IlliniboardRSSPoll",
            "batch_target": [],
            "ecs_target": [],
            "id": "ten-minutes-lambda",
            "input": "",
            "input_path": "",
            "input_transformer": [],
            "kinesis_target": [],
            "role_arn": "",
            "rule": "ten-minutes",
            "run_command_targets": [],
            "sqs_target": [],
            "target_id": "lambda"
          },
          "private": "bnVsbA==",
          "dependencies": [
            "aws_cloudwatch_event_rule.five_minutes",
            "aws_iam_role.lambda_exec",
            "aws_iam_role_policy_attachment.lambda_logs",
            "aws_lambda_function.rssPoll"
          ]
        }
      ]
    },
    {
      "mode": "managed",
      "type": "aws_iam_policy",
      "name": "lambda_deploy_in_vpc",
      "provider": "provider.aws",
      "instances": [
        {
          "schema_version": 0,
          "attributes": {
            "arn": "arn:aws:iam::371783175896:policy/lambda_vpc_deploy",
            "description": "IAM policy allowing for vpc deployment",
            "id": "arn:aws:iam::371783175896:policy/lambda_vpc_deploy",
            "name": "lambda_vpc_deploy",
            "name_prefix": null,
            "path": "/",
            "policy": "{\n  \"Version\": \"2012-10-17\",\n  \"Statement\": [\n    {\n      \"Effect\": \"Allow\",\n      \"Action\": [\n        \"ec2:DescribeNetworkInterfaces\",\n        \"ec2:CreateNetworkInterface\",\n        \"ec2:DeleteNetworkInterface\",\n        \"ec2:DescribeInstances\",\n        \"ec2:AttachNetworkInterface\"\n      ],\n      \"Resource\": \"*\"\n    }\n  ]\n}\n"
          },
          "private": "bnVsbA=="
        }
      ]
    },
    {
      "mode": "managed",
      "type": "aws_iam_policy",
      "name": "lambda_invoke",
      "provider": "provider.aws",
      "instances": [
        {
          "schema_version": 0,
          "attributes": {
            "arn": "arn:aws:iam::371783175896:policy/lambda_invoke",
            "description": "IAM policy for invoking a lambda from another lambda",
            "id": "arn:aws:iam::371783175896:policy/lambda_invoke",
            "name": "lambda_invoke",
            "name_prefix": null,
            "path": "/",
            "policy": "{\n  \"Version\": \"2012-10-17\",\n  \"Statement\": [\n    {\n      \"Action\": [\n        \"lambda:InvokeFunction\"\n      ],\n      \"Resource\": [\n        \"arn:aws:lambda:us-east-1:371783175896:function:IlliniboardRSSPoll\",\n        \"arn:aws:lambda:us-east-1:371783175896:function:UpdateIBArticlesInDatabase\"\n      ],\n      \"Effect\": \"Allow\"\n    }\n  ]\n}\n"
          },
          "private": "bnVsbA==",
          "dependencies": [
            "aws_lambda_function.rssPoll",
            "aws_lambda_function.updateArticlesInDatabase"
          ]
        }
      ]
    },
    {
      "mode": "managed",
      "type": "aws_iam_policy",
      "name": "lambda_logging",
      "provider": "provider.aws",
      "instances": [
        {
          "schema_version": 0,
          "attributes": {
            "arn": "arn:aws:iam::371783175896:policy/lambda_logging",
            "description": "IAM policy for logging from a lambda",
            "id": "arn:aws:iam::371783175896:policy/lambda_logging",
            "name": "lambda_logging",
            "name_prefix": null,
            "path": "/",
            "policy": "{\n  \"Version\": \"2012-10-17\",\n  \"Statement\": [\n    {\n      \"Action\": [\n        \"logs:CreateLogGroup\",\n        \"logs:CreateLogStream\",\n        \"logs:PutLogEvents\"\n      ],\n      \"Resource\": \"arn:aws:logs:*:*:*\",\n      \"Effect\": \"Allow\"\n    }\n  ]\n}\n"
          },
          "private": "bnVsbA=="
        }
      ]
    },
    {
      "mode": "managed",
      "type": "aws_iam_role",
      "name": "lambda_exec",
      "provider": "provider.aws",
      "instances": [
        {
          "schema_version": 0,
          "attributes": {
            "arn": "arn:aws:iam::371783175896:role/illiniboard_lambda_role",
            "assume_role_policy": "{\"Version\":\"2012-10-17\",\"Statement\":[{\"Sid\":\"\",\"Effect\":\"Allow\",\"Principal\":{\"Service\":\"lambda.amazonaws.com\"},\"Action\":\"sts:AssumeRole\"}]}",
            "create_date": "2020-07-03T12:29:18Z",
            "description": "",
            "force_detach_policies": false,
            "id": "illiniboard_lambda_role",
            "max_session_duration": 3600,
            "name": "illiniboard_lambda_role",
            "name_prefix": null,
            "path": "/",
            "permissions_boundary": null,
            "tags": {},
            "unique_id": "AROAVNEABB3MN2X7HHCEF"
          },
          "private": "bnVsbA=="
        }
      ]
    },
    {
      "mode": "managed",
      "type": "aws_iam_role_policy_attachment",
      "name": "lambda_deploy",
      "provider": "provider.aws",
      "instances": [
        {
          "schema_version": 0,
          "attributes": {
            "id": "illiniboard_lambda_role-20200704223211570200000001",
            "policy_arn": "arn:aws:iam::371783175896:policy/lambda_vpc_deploy",
            "role": "illiniboard_lambda_role"
          },
          "private": "bnVsbA==",
          "dependencies": [
            "aws_iam_policy.lambda_deploy_in_vpc",
            "aws_iam_role.lambda_exec"
          ]
        }
      ]
    },
    {
      "mode": "managed",
      "type": "aws_iam_role_policy_attachment",
      "name": "lambda_invoke",
      "provider": "provider.aws",
      "instances": [
        {
          "schema_version": 0,
          "attributes": {
            "id": "illiniboard_lambda_role-20200704222428119800000001",
            "policy_arn": "arn:aws:iam::371783175896:policy/lambda_invoke",
            "role": "illiniboard_lambda_role"
          },
          "private": "bnVsbA==",
          "dependencies": [
            "aws_cloudwatch_log_group.rssPoll",
            "aws_iam_policy.lambda_invoke",
            "aws_iam_role.lambda_exec",
            "aws_iam_role_policy_attachment.lambda_logs",
            "aws_lambda_function.rssPoll"
          ]
        }
      ]
    },
    {
      "mode": "managed",
      "type": "aws_iam_role_policy_attachment",
      "name": "lambda_logs",
      "provider": "provider.aws",
      "instances": [
        {
          "schema_version": 0,
          "attributes": {
            "id": "illiniboard_lambda_role-20200704134300558400000001",
            "policy_arn": "arn:aws:iam::371783175896:policy/lambda_logging",
            "role": "illiniboard_lambda_role"
          },
          "private": "bnVsbA==",
          "dependencies": [
            "aws_iam_policy.lambda_logging",
            "aws_iam_role.lambda_exec"
          ]
        }
      ]
    },
    {
      "mode": "managed",
      "type": "aws_instance",
      "name": "illiniboard_ext",
      "provider": "provider.aws",
      "instances": [
        {
          "schema_version": 1,
          "attributes": {
            "ami": "ami-0ab9011d6e9ec01e4",
            "arn": "arn:aws:ec2:us-east-1:371783175896:instance/i-041b2dd22ae373bce",
            "associate_public_ip_address": true,
            "availability_zone": "us-east-1a",
            "cpu_core_count": 1,
            "cpu_threads_per_core": 1,
            "credit_specification": [
              {
                "cpu_credits": "standard"
              }
            ],
            "disable_api_termination": false,
            "ebs_block_device": [],
            "ebs_optimized": false,
            "ephemeral_block_device": [],
            "get_password_data": false,
            "hibernation": false,
            "host_id": null,
            "iam_instance_profile": "",
            "id": "i-041b2dd22ae373bce",
            "instance_initiated_shutdown_behavior": null,
            "instance_state": "running",
            "instance_type": "t2.micro",
            "ipv6_address_count": 0,
            "ipv6_addresses": [],
            "key_name": "burke+02-mbp",
            "metadata_options": [
              {
                "http_endpoint": "enabled",
                "http_put_response_hop_limit": 1,
                "http_tokens": "optional"
              }
            ],
            "monitoring": false,
            "network_interface": [],
            "network_interface_id": null,
            "outpost_arn": "",
            "password_data": "",
            "placement_group": "",
            "primary_network_interface_id": "eni-0cfc6ce4346013ec3",
            "private_dns": "ip-172-31-41-211.ec2.internal",
            "private_ip": "172.31.41.211",
            "public_dns": "ec2-54-210-127-52.compute-1.amazonaws.com",
            "public_ip": "54.210.127.52",
            "root_block_device": [
              {
                "delete_on_termination": true,
                "device_name": "/dev/sda1",
                "encrypted": false,
                "iops": 100,
                "kms_key_id": "",
                "volume_id": "vol-0e7eb29b82e1a73ef",
                "volume_size": 30,
                "volume_type": "gp2"
              }
            ],
            "security_groups": [
              "default"
            ],
            "source_dest_check": true,
            "subnet_id": "subnet-c069be9f",
            "tags": {
              "Name": "illiniboard-extension"
            },
            "tenancy": "default",
            "timeouts": null,
            "user_data": null,
            "user_data_base64": null,
            "volume_tags": {},
            "vpc_security_group_ids": [
              "sg-19cacf3d"
            ]
          },
          "private": "eyJlMmJmYjczMC1lY2FhLTExZTYtOGY4OC0zNDM2M2JjN2M0YzAiOnsiY3JlYXRlIjo2MDAwMDAwMDAwMDAsImRlbGV0ZSI6MTIwMDAwMDAwMDAwMCwidXBkYXRlIjo2MDAwMDAwMDAwMDB9LCJzY2hlbWFfdmVyc2lvbiI6IjEifQ=="
        }
      ]
    },
    {
      "mode": "managed",
      "type": "aws_lambda_function",
      "name": "registerNewExtension",
      "provider": "provider.aws",
      "instances": [
        {
          "schema_version": 0,
          "attributes": {
            "arn": "arn:aws:lambda:us-east-1:371783175896:function:RegisterNewExtension",
            "dead_letter_config": [],
            "description": "",
            "environment": [
              {
                "variables": {
                  "database": "Illiniboard",
                  "host": "ec2-54-210-127-52.compute-1.amazonaws.com",
                  "password": "Illiniboard69%",
                  "user": "Lambda"
                }
              }
            ],
            "file_system_config": [],
            "filename": null,
            "function_name": "RegisterNewExtension",
            "handler": "register.handler",
            "id": "RegisterNewExtension",
            "invoke_arn": "arn:aws:apigateway:us-east-1:lambda:path/2015-03-31/functions/arn:aws:lambda:us-east-1:371783175896:function:RegisterNewExtension/invocations",
            "kms_key_arn": "",
            "last_modified": "2020-07-09T06:17:31.551+0000",
            "layers": [],
            "memory_size": 128,
            "publish": false,
            "qualified_arn": "arn:aws:lambda:us-east-1:371783175896:function:RegisterNewExtension:$LATEST",
            "reserved_concurrent_executions": -1,
            "role": "arn:aws:iam::371783175896:role/illiniboard_lambda_role",
            "runtime": "nodejs12.x",
            "s3_bucket": "illiniboard",
            "s3_key": "v0.0.18/registerNewExtension.zip",
            "s3_object_version": null,
            "source_code_hash": "OegWIDcHCZVXqKGV5mMLPVBU/OI4l8k5L/YAEzteq+g=",
            "source_code_size": 912233,
            "tags": {},
            "timeout": 3,
            "timeouts": null,
            "tracing_config": [
              {
                "mode": "PassThrough"
              }
            ],
            "version": "$LATEST",
            "vpc_config": [
              {
                "security_group_ids": [
                  "sg-0aec2cd279067317a"
                ],
                "subnet_ids": [
                  "subnet-c069be9f"
                ],
                "vpc_id": "vpc-7b36d006"
              }
            ]
          },
          "private": "eyJlMmJmYjczMC1lY2FhLTExZTYtOGY4OC0zNDM2M2JjN2M0YzAiOnsiY3JlYXRlIjo2MDAwMDAwMDAwMDB9fQ==",
          "dependencies": [
            "aws_iam_role.lambda_exec",
            "aws_iam_role_policy_attachment.lambda_logs"
          ]
        }
      ]
    },
    {
      "mode": "managed",
      "type": "aws_lambda_function",
      "name": "rssPoll",
      "provider": "provider.aws",
      "instances": [
        {
          "schema_version": 0,
          "attributes": {
            "arn": "arn:aws:lambda:us-east-1:371783175896:function:IlliniboardRSSPoll",
            "dead_letter_config": [],
            "description": "",
            "environment": [],
            "file_system_config": [],
            "filename": null,
            "function_name": "IlliniboardRSSPoll",
            "handler": "rssPoll.handler",
            "id": "IlliniboardRSSPoll",
            "invoke_arn": "arn:aws:apigateway:us-east-1:lambda:path/2015-03-31/functions/arn:aws:lambda:us-east-1:371783175896:function:IlliniboardRSSPoll/invocations",
            "kms_key_arn": "",
            "last_modified": "2020-07-09T06:17:26.355+0000",
            "layers": [],
            "memory_size": 128,
            "publish": false,
            "qualified_arn": "arn:aws:lambda:us-east-1:371783175896:function:IlliniboardRSSPoll:$LATEST",
            "reserved_concurrent_executions": -1,
            "role": "arn:aws:iam::371783175896:role/illiniboard_lambda_role",
            "runtime": "nodejs12.x",
            "s3_bucket": "illiniboard",
            "s3_key": "v0.0.18/rssPoll.zip",
            "s3_object_version": null,
            "source_code_hash": "zJtDIzXjZyOmTk/xPQRUCAUw2CzIkr5By7dG748axkU=",
            "source_code_size": 731716,
            "tags": {},
            "timeout": 3,
            "timeouts": null,
            "tracing_config": [
              {
                "mode": "PassThrough"
              }
            ],
            "version": "$LATEST",
            "vpc_config": []
          },
          "private": "eyJlMmJmYjczMC1lY2FhLTExZTYtOGY4OC0zNDM2M2JjN2M0YzAiOnsiY3JlYXRlIjo2MDAwMDAwMDAwMDB9fQ==",
          "dependencies": [
            "aws_iam_role.lambda_exec",
            "aws_iam_role_policy_attachment.lambda_logs"
          ]
        }
      ]
    },
    {
      "mode": "managed",
      "type": "aws_lambda_function",
      "name": "updateArticlesInDatabase",
      "provider": "provider.aws",
      "instances": [
        {
          "schema_version": 0,
          "attributes": {
            "arn": "arn:aws:lambda:us-east-1:371783175896:function:UpdateIBArticlesInDatabase",
            "dead_letter_config": [],
            "description": "",
            "environment": [
              {
                "variables": {
                  "database": "Illiniboard",
                  "host": "ec2-54-210-127-52.compute-1.amazonaws.com",
                  "password": "Illiniboard69%",
                  "user": "Lambda"
                }
              }
            ],
            "file_system_config": [],
            "filename": null,
            "function_name": "UpdateIBArticlesInDatabase",
            "handler": "updateArticlesInDatabase.handler",
            "id": "UpdateIBArticlesInDatabase",
            "invoke_arn": "arn:aws:apigateway:us-east-1:lambda:path/2015-03-31/functions/arn:aws:lambda:us-east-1:371783175896:function:UpdateIBArticlesInDatabase/invocations",
            "kms_key_arn": "",
            "last_modified": "2020-07-09T06:17:31.821+0000",
            "layers": [],
            "memory_size": 128,
            "publish": false,
            "qualified_arn": "arn:aws:lambda:us-east-1:371783175896:function:UpdateIBArticlesInDatabase:$LATEST",
            "reserved_concurrent_executions": -1,
            "role": "arn:aws:iam::371783175896:role/illiniboard_lambda_role",
            "runtime": "nodejs12.x",
            "s3_bucket": "illiniboard",
            "s3_key": "v0.0.18/updateArticlesInDatabase.zip",
            "s3_object_version": null,
            "source_code_hash": "lrurG01w9aQpHj1aCgXdLs26LsaN4i6o/YKymkwhtxc=",
            "source_code_size": 912317,
            "tags": {},
            "timeout": 3,
            "timeouts": null,
            "tracing_config": [
              {
                "mode": "PassThrough"
              }
            ],
            "version": "$LATEST",
            "vpc_config": [
              {
                "security_group_ids": [
                  "sg-0aec2cd279067317a"
                ],
                "subnet_ids": [
                  "subnet-c069be9f"
                ],
                "vpc_id": "vpc-7b36d006"
              }
            ]
          },
          "private": "eyJlMmJmYjczMC1lY2FhLTExZTYtOGY4OC0zNDM2M2JjN2M0YzAiOnsiY3JlYXRlIjo2MDAwMDAwMDAwMDB9fQ==",
          "dependencies": [
            "aws_iam_role.lambda_exec",
            "aws_iam_role_policy_attachment.lambda_logs"
          ]
        }
      ]
    },
    {
      "mode": "managed",
      "type": "aws_lambda_permission",
      "name": "apigw",
      "provider": "provider.aws",
      "instances": [
        {
          "schema_version": 0,
          "attributes": {
            "action": "lambda:InvokeFunction",
            "event_source_token": null,
            "function_name": "RegisterNewExtension",
            "id": "AllowAPIGatewayInvoke",
            "principal": "apigateway.amazonaws.com",
            "qualifier": "",
            "source_account": null,
            "source_arn": "arn:aws:execute-api:us-east-1:371783175896:a27f44yy9i/*/*",
            "statement_id": "AllowAPIGatewayInvoke",
            "statement_id_prefix": null
          },
          "private": "bnVsbA==",
          "dependencies": [
            "aws_api_gateway_rest_api.illiniboard",
            "aws_iam_role.lambda_exec",
            "aws_iam_role_policy_attachment.lambda_logs",
            "aws_lambda_function.registerNewExtension"
          ]
        }
      ]
    },
    {
      "mode": "managed",
      "type": "aws_lambda_permission",
      "name": "cloudwatch_events",
      "provider": "provider.aws",
      "instances": [
        {
          "schema_version": 0,
          "attributes": {
            "action": "lambda:InvokeFunction",
            "event_source_token": null,
            "function_name": "IlliniboardRSSPoll",
            "id": "AllowExecutionFromCloudWatch",
            "principal": "events.amazonaws.com",
            "qualifier": "",
            "source_account": null,
            "source_arn": "arn:aws:events:us-east-1:371783175896:rule/ten-minutes",
            "statement_id": "AllowExecutionFromCloudWatch",
            "statement_id_prefix": null
          },
          "private": "bnVsbA==",
          "dependencies": [
            "aws_cloudwatch_event_rule.five_minutes",
            "aws_iam_role.lambda_exec",
            "aws_iam_role_policy_attachment.lambda_logs",
            "aws_lambda_function.rssPoll"
          ]
        }
      ]
    },
    {
      "mode": "managed",
      "type": "aws_lambda_permission",
      "name": "lambda_invoke",
      "provider": "provider.aws",
      "instances": [
        {
          "schema_version": 0,
          "attributes": {
            "action": "lambda:InvokeFunction",
            "event_source_token": null,
            "function_name": "UpdateIBArticlesInDatabase",
            "id": "AllowLambdaInvoking",
            "principal": "lambda.amazonaws.com",
            "qualifier": "",
            "source_account": null,
            "source_arn": "arn:aws:lambda:us-east-1:371783175896:function:IlliniboardRSSPoll",
            "statement_id": "AllowLambdaInvoking",
            "statement_id_prefix": null
          },
          "private": "bnVsbA==",
          "dependencies": [
            "aws_lambda_function.rssPoll",
            "aws_lambda_function.updateArticlesInDatabase"
          ]
        }
      ]
    },
    {
      "mode": "managed",
      "type": "aws_lambda_permission",
      "name": "lambda_invoke_2",
      "provider": "provider.aws",
      "instances": [
        {
          "schema_version": 0,
          "attributes": {
            "action": "lambda:InvokeFunction",
            "event_source_token": null,
            "function_name": "IlliniboardRSSPoll",
            "id": "AllowLambdaInvoking",
            "principal": "lambda.amazonaws.com",
            "qualifier": "",
            "source_account": null,
            "source_arn": "arn:aws:lambda:us-east-1:371783175896:function:IlliniboardRSSPoll",
            "statement_id": "AllowLambdaInvoking",
            "statement_id_prefix": null
          },
          "private": "bnVsbA==",
          "dependencies": [
            "aws_lambda_function.rssPoll"
          ]
        }
      ]
    }
  ]
}
